
Microsoft Visual Studio Solution File, Format Version 12.00
# Visual Studio Version 17
VisualStudioVersion = 17.10.35013.160
MinimumVisualStudioVersion = 10.0.40219.1
Project("{2150E333-8FDC-42A3-9474-1A3956D46DE8}") = "Core", "Core", "{36E7A721-A843-4EC1-A7AA-231EDE48896B}"
EndProject
Project("{2150E333-8FDC-42A3-9474-1A3956D46DE8}") = "Topology", "Topology", "{53CA6C55-2467-44FA-B853-3373520BB4B8}"
EndProject
Project("{2150E333-8FDC-42A3-9474-1A3956D46DE8}") = "Routing", "Routing", "{FC98B9B7-7401-48EA-9921-EC97D763E62D}"
EndProject
Project("{2150E333-8FDC-42A3-9474-1A3956D46DE8}") = "Fleet", "Fleet", "{2901251A-A9F2-46CB-88FE-A8AA77C45AC3}"
EndProject
Project("{2150E333-8FDC-42A3-9474-1A3956D46DE8}") = "Vehicle", "Vehicle", "{66314569-4ACC-4F31-AA71-C0EC5204D14C}"
EndProject
Project("{2150E333-8FDC-42A3-9474-1A3956D46DE8}") = "Communication", "Communication", "{6BB595A3-8CC1-475B-8FA9-DC682D978789}"
EndProject
Project("{2150E333-8FDC-42A3-9474-1A3956D46DE8}") = "Simulation", "Simulation", "{08526875-332B-4726-A240-7B2D0E3DD249}"
EndProject
Project("{2150E333-8FDC-42A3-9474-1A3956D46DE8}") = "Persistence", "Persistence", "{955D003C-EB4A-488C-818B-AC334722E02B}"
EndProject
Project("{2150E333-8FDC-42A3-9474-1A3956D46DE8}") = "Dashboard", "Dashboard", "{65B609F7-EF99-4D7C-80D3-51E9EB970369}"
EndProject
Project("{2150E333-8FDC-42A3-9474-1A3956D46DE8}") = "Host", "Host", "{88E1F2F3-D497-4AA5-A356-C6111E89DC7F}"
EndProject
Project("{9A19103F-16F7-4668-BE54-9A1E7A4F7556}") = "AGV.Core", "AGV.Core\AGV.Core.csproj", "{413DBA59-73F5-4584-888A-0EDB7DFBA92F}"
EndProject
Project("{9A19103F-16F7-4668-BE54-9A1E7A4F7556}") = "AGV.Fleet", "AGV.Fleet\AGV.Fleet.csproj", "{9098B6A4-A426-46D1-AF65-B68C096F0F83}"
EndProject
Project("{9A19103F-16F7-4668-BE54-9A1E7A4F7556}") = "AGV.Persistence", "AGV.Persistence\AGV.Persistence.csproj", "{FD3ED19D-C8EA-41B5-B1A3-584F9DC3A64F}"
EndProject
Project("{9A19103F-16F7-4668-BE54-9A1E7A4F7556}") = "AGV.Routing", "AGV.Routing\AGV.Routing.csproj", "{8A6C21E5-0CFA-48A5-BAD3-CA5F44EC67AC}"
EndProject
Project("{9A19103F-16F7-4668-BE54-9A1E7A4F7556}") = "AGV.Simulation", "AGV.Simulation\AGV.Simulation.csproj", "{D8D5C151-F717-48D8-8328-A33B57FEADE1}"
EndProject
Project("{9A19103F-16F7-4668-BE54-9A1E7A4F7556}") = "AGV.Topology", "AGV.Topology\AGV.Topology.csproj", "{D9327C22-767D-4B28-872D-E56BD373C900}"
EndProject
Project("{9A19103F-16F7-4668-BE54-9A1E7A4F7556}") = "AGV.Vehicle", "AGV.Vehicle\AGV.Vehicle.csproj", "{8DB5D626-3A11-4694-A586-D5FBF02A43E3}"
EndProject
Project("{9A19103F-16F7-4668-BE54-9A1E7A4F7556}") = "AGV.Dashboard", "AGV.Dashboard\AGV.Dashboard.csproj", "{262CC22F-34B9-46F4-83A0-FB5CC612B893}"
EndProject
Project("{9A19103F-16F7-4668-BE54-9A1E7A4F7556}") = "AGV.Host", "AGV.Host\AGV.Host.csproj", "{BE36F0EF-DAF7-440B-91B2-9CAC7B7284AD}"
EndProject
Project("{9A19103F-16F7-4668-BE54-9A1E7A4F7556}") = "AGV.Core.Tests", "AGV.Core.Tests\AGV.Core.Tests.csproj", "{405FED03-40CE-499D-BB13-69F882C12860}"
EndProject
Project("{9A19103F-16F7-4668-BE54-9A1E7A4F7556}") = "AGV.Fleet.Tests", "AGV.Fleet.Tests\AGV.Fleet.Tests.csproj", "{C862FBD1-EC86-45CB-B4D8-84F70C86EA85}"
EndProject
Project("{9A19103F-16F7-4668-BE54-9A1E7A4F7556}") = "AGV.Persistence.Tests", "AGV.Persistence.Tests\AGV.Persistence.Tests.csproj", "{C69B0FE9-35BA-4795-9477-2E5F473FF4C9}"
EndProject
Project("{9A19103F-16F7-4668-BE54-9A1E7A4F7556}") = "AGV.Routing.Tests", "AGV.Routing.Tests\AGV.Routing.Tests.csproj", "{7EF56709-0842-4564-8315-21054B4F92A7}"
EndProject
Project("{9A19103F-16F7-4668-BE54-9A1E7A4F7556}") = "AGV.Simulation.Tests", "AGV.Simulation.Tests\AGV.Simulation.Tests.csproj", "{C91D7420-248D-4EFC-A0E4-EF2CF563A1CF}"
EndProject
Project("{9A19103F-16F7-4668-BE54-9A1E7A4F7556}") = "AGV.Topology.Tests", "AGV.Topology.Tests\AGV.Topology.Tests.csproj", "{A736D49B-7243-4538-9E69-80A21E797530}"
EndProject
Project("{9A19103F-16F7-4668-BE54-9A1E7A4F7556}") = "AGV.Vehicle.Tests", "AGV.Vehicle.Tests\AGV.Vehicle.Tests.csproj", "{7DB57647-AC42-4236-9E4E-7CA8E0185895}"
EndProject
Project("{9A19103F-16F7-4668-BE54-9A1E7A4F7556}") = "AGV.Mqtt", "AGV.Mqtt\AGV.Mqtt.csproj", "{DD84DC53-3FCE-4B65-9519-85949996B997}"
EndProject
Project("{9A19103F-16F7-4668-BE54-9A1E7A4F7556}") = "AGV.Grpc", "AGV.Grpc\AGV.Grpc.csproj", "{89FB218F-830F-43B1-B569-21849B078E55}"
EndProject
Project("{9A19103F-16F7-4668-BE54-9A1E7A4F7556}") = "AGV.Grpc.Tests", "AGV.Grpc.Tests\AGV.Grpc.Tests.csproj", "{8F4376F5-33A2-46D2-8248-6AAEB968BFE0}"
EndProject
Project("{9A19103F-16F7-4668-BE54-9A1E7A4F7556}") = "AGV.Mqtt.Tests", "AGV.Mqtt.Tests\AGV.Mqtt.Tests.csproj", "{69077C3F-8E0D-44CC-9883-8D40ACBFC3FF}"
EndProject
Project("{2150E333-8FDC-42A3-9474-1A3956D46DE8}") = "IO", "IO", "{1BCFA84D-B36A-4914-8260-9EA9DEDCAC79}"
EndProject
Project("{9A19103F-16F7-4668-BE54-9A1E7A4F7556}") = "AGV.IO", "AGV.IO\AGV.IO.csproj", "{8254E53D-E957-499C-B067-81FDCBB713A2}"
EndProject
Project("{9A19103F-16F7-4668-BE54-9A1E7A4F7556}") = "AGV.IO.Tests", "AGV.IO.Tests\AGV.IO.Tests.csproj", "{CD92C8DF-A4A5-47C8-A5AC-57B2DF245432}"
EndProject
Project("{9A19103F-16F7-4668-BE54-9A1E7A4F7556}") = "NYT.AGV.IO", "NYT.AGV.IO\NYT.AGV.IO.csproj", "{F74ED359-9EF5-47A7-94DD-3C5BA7097981}"
EndProject
Global
	GlobalSection(SolutionConfigurationPlatforms) = preSolution
		Debug|Any CPU = Debug|Any CPU
		Release|Any CPU = Release|Any CPU
	EndGlobalSection
	GlobalSection(ProjectConfigurationPlatforms) = postSolution
		{413DBA59-73F5-4584-888A-0EDB7DFBA92F}.Debug|Any CPU.ActiveCfg = Debug|Any CPU
		{413DBA59-73F5-4584-888A-0EDB7DFBA92F}.Debug|Any CPU.Build.0 = Debug|Any CPU
		{413DBA59-73F5-4584-888A-0EDB7DFBA92F}.Release|Any CPU.ActiveCfg = Release|Any CPU
		{413DBA59-73F5-4584-888A-0EDB7DFBA92F}.Release|Any CPU.Build.0 = Release|Any CPU
		{9098B6A4-A426-46D1-AF65-B68C096F0F83}.Debug|Any CPU.ActiveCfg = Debug|Any CPU
		{9098B6A4-A426-46D1-AF65-B68C096F0F83}.Debug|Any CPU.Build.0 = Debug|Any CPU
		{9098B6A4-A426-46D1-AF65-B68C096F0F83}.Release|Any CPU.ActiveCfg = Release|Any CPU
		{9098B6A4-A426-46D1-AF65-B68C096F0F83}.Release|Any CPU.Build.0 = Release|Any CPU
		{FD3ED19D-C8EA-41B5-B1A3-584F9DC3A64F}.Debug|Any CPU.ActiveCfg = Debug|Any CPU
		{FD3ED19D-C8EA-41B5-B1A3-584F9DC3A64F}.Debug|Any CPU.Build.0 = Debug|Any CPU
		{FD3ED19D-C8EA-41B5-B1A3-584F9DC3A64F}.Release|Any CPU.ActiveCfg = Release|Any CPU
		{FD3ED19D-C8EA-41B5-B1A3-584F9DC3A64F}.Release|Any CPU.Build.0 = Release|Any CPU
		{8A6C21E5-0CFA-48A5-BAD3-CA5F44EC67AC}.Debug|Any CPU.ActiveCfg = Debug|Any CPU
		{8A6C21E5-0CFA-48A5-BAD3-CA5F44EC67AC}.Debug|Any CPU.Build.0 = Debug|Any CPU
		{8A6C21E5-0CFA-48A5-BAD3-CA5F44EC67AC}.Release|Any CPU.ActiveCfg = Release|Any CPU
		{8A6C21E5-0CFA-48A5-BAD3-CA5F44EC67AC}.Release|Any CPU.Build.0 = Release|Any CPU
		{D8D5C151-F717-48D8-8328-A33B57FEADE1}.Debug|Any CPU.ActiveCfg = Debug|Any CPU
		{D8D5C151-F717-48D8-8328-A33B57FEADE1}.Debug|Any CPU.Build.0 = Debug|Any CPU
		{D8D5C151-F717-48D8-8328-A33B57FEADE1}.Release|Any CPU.ActiveCfg = Release|Any CPU
		{D8D5C151-F717-48D8-8328-A33B57FEADE1}.Release|Any CPU.Build.0 = Release|Any CPU
		{D9327C22-767D-4B28-872D-E56BD373C900}.Debug|Any CPU.ActiveCfg = Debug|Any CPU
		{D9327C22-767D-4B28-872D-E56BD373C900}.Debug|Any CPU.Build.0 = Debug|Any CPU
		{D9327C22-767D-4B28-872D-E56BD373C900}.Release|Any CPU.ActiveCfg = Release|Any CPU
		{D9327C22-767D-4B28-872D-E56BD373C900}.Release|Any CPU.Build.0 = Release|Any CPU
		{8DB5D626-3A11-4694-A586-D5FBF02A43E3}.Debug|Any CPU.ActiveCfg = Debug|Any CPU
		{8DB5D626-3A11-4694-A586-D5FBF02A43E3}.Debug|Any CPU.Build.0 = Debug|Any CPU
		{8DB5D626-3A11-4694-A586-D5FBF02A43E3}.Release|Any CPU.ActiveCfg = Release|Any CPU
		{8DB5D626-3A11-4694-A586-D5FBF02A43E3}.Release|Any CPU.Build.0 = Release|Any CPU
		{262CC22F-34B9-46F4-83A0-FB5CC612B893}.Debug|Any CPU.ActiveCfg = Debug|Any CPU
		{262CC22F-34B9-46F4-83A0-FB5CC612B893}.Debug|Any CPU.Build.0 = Debug|Any CPU
		{262CC22F-34B9-46F4-83A0-FB5CC612B893}.Release|Any CPU.ActiveCfg = Release|Any CPU
		{262CC22F-34B9-46F4-83A0-FB5CC612B893}.Release|Any CPU.Build.0 = Release|Any CPU
		{BE36F0EF-DAF7-440B-91B2-9CAC7B7284AD}.Debug|Any CPU.ActiveCfg = Debug|Any CPU
		{BE36F0EF-DAF7-440B-91B2-9CAC7B7284AD}.Debug|Any CPU.Build.0 = Debug|Any CPU
		{BE36F0EF-DAF7-440B-91B2-9CAC7B7284AD}.Release|Any CPU.ActiveCfg = Release|Any CPU
		{BE36F0EF-DAF7-440B-91B2-9CAC7B7284AD}.Release|Any CPU.Build.0 = Release|Any CPU
		{405FED03-40CE-499D-BB13-69F882C12860}.Debug|Any CPU.ActiveCfg = Debug|Any CPU
		{405FED03-40CE-499D-BB13-69F882C12860}.Debug|Any CPU.Build.0 = Debug|Any CPU
		{405FED03-40CE-499D-BB13-69F882C12860}.Release|Any CPU.ActiveCfg = Release|Any CPU
		{405FED03-40CE-499D-BB13-69F882C12860}.Release|Any CPU.Build.0 = Release|Any CPU
		{C862FBD1-EC86-45CB-B4D8-84F70C86EA85}.Debug|Any CPU.ActiveCfg = Debug|Any CPU
		{C862FBD1-EC86-45CB-B4D8-84F70C86EA85}.Debug|Any CPU.Build.0 = Debug|Any CPU
		{C862FBD1-EC86-45CB-B4D8-84F70C86EA85}.Release|Any CPU.ActiveCfg = Release|Any CPU
		{C862FBD1-EC86-45CB-B4D8-84F70C86EA85}.Release|Any CPU.Build.0 = Release|Any CPU
		{C69B0FE9-35BA-4795-9477-2E5F473FF4C9}.Debug|Any CPU.ActiveCfg = Debug|Any CPU
		{C69B0FE9-35BA-4795-9477-2E5F473FF4C9}.Debug|Any CPU.Build.0 = Debug|Any CPU
		{C69B0FE9-35BA-4795-9477-2E5F473FF4C9}.Release|Any CPU.ActiveCfg = Release|Any CPU
		{C69B0FE9-35BA-4795-9477-2E5F473FF4C9}.Release|Any CPU.Build.0 = Release|Any CPU
		{7EF56709-0842-4564-8315-21054B4F92A7}.Debug|Any CPU.ActiveCfg = Debug|Any CPU
		{7EF56709-0842-4564-8315-21054B4F92A7}.Debug|Any CPU.Build.0 = Debug|Any CPU
		{7EF56709-0842-4564-8315-21054B4F92A7}.Release|Any CPU.ActiveCfg = Release|Any CPU
		{7EF56709-0842-4564-8315-21054B4F92A7}.Release|Any CPU.Build.0 = Release|Any CPU
		{C91D7420-248D-4EFC-A0E4-EF2CF563A1CF}.Debug|Any CPU.ActiveCfg = Debug|Any CPU
		{C91D7420-248D-4EFC-A0E4-EF2CF563A1CF}.Debug|Any CPU.Build.0 = Debug|Any CPU
		{C91D7420-248D-4EFC-A0E4-EF2CF563A1CF}.Release|Any CPU.ActiveCfg = Release|Any CPU
		{C91D7420-248D-4EFC-A0E4-EF2CF563A1CF}.Release|Any CPU.Build.0 = Release|Any CPU
		{A736D49B-7243-4538-9E69-80A21E797530}.Debug|Any CPU.ActiveCfg = Debug|Any CPU
		{A736D49B-7243-4538-9E69-80A21E797530}.Debug|Any CPU.Build.0 = Debug|Any CPU
		{A736D49B-7243-4538-9E69-80A21E797530}.Release|Any CPU.ActiveCfg = Release|Any CPU
		{A736D49B-7243-4538-9E69-80A21E797530}.Release|Any CPU.Build.0 = Release|Any CPU
		{7DB57647-AC42-4236-9E4E-7CA8E0185895}.Debug|Any CPU.ActiveCfg = Debug|Any CPU
		{7DB57647-AC42-4236-9E4E-7CA8E0185895}.Debug|Any CPU.Build.0 = Debug|Any CPU
		{7DB57647-AC42-4236-9E4E-7CA8E0185895}.Release|Any CPU.ActiveCfg = Release|Any CPU
		{7DB57647-AC42-4236-9E4E-7CA8E0185895}.Release|Any CPU.Build.0 = Release|Any CPU
		{DD84DC53-3FCE-4B65-9519-85949996B997}.Debug|Any CPU.ActiveCfg = Debug|Any CPU
		{DD84DC53-3FCE-4B65-9519-85949996B997}.Debug|Any CPU.Build.0 = Debug|Any CPU
		{DD84DC53-3FCE-4B65-9519-85949996B997}.Release|Any CPU.ActiveCfg = Release|Any CPU
		{DD84DC53-3FCE-4B65-9519-85949996B997}.Release|Any CPU.Build.0 = Release|Any CPU
		{89FB218F-830F-43B1-B569-21849B078E55}.Debug|Any CPU.ActiveCfg = Debug|Any CPU
		{89FB218F-830F-43B1-B569-21849B078E55}.Debug|Any CPU.Build.0 = Debug|Any CPU
		{89FB218F-830F-43B1-B569-21849B078E55}.Release|Any CPU.ActiveCfg = Release|Any CPU
		{89FB218F-830F-43B1-B569-21849B078E55}.Release|Any CPU.Build.0 = Release|Any CPU
		{8F4376F5-33A2-46D2-8248-6AAEB968BFE0}.Debug|Any CPU.ActiveCfg = Debug|Any CPU
		{8F4376F5-33A2-46D2-8248-6AAEB968BFE0}.Debug|Any CPU.Build.0 = Debug|Any CPU
		{8F4376F5-33A2-46D2-8248-6AAEB968BFE0}.Release|Any CPU.ActiveCfg = Release|Any CPU
		{8F4376F5-33A2-46D2-8248-6AAEB968BFE0}.Release|Any CPU.Build.0 = Release|Any CPU
		{69077C3F-8E0D-44CC-9883-8D40ACBFC3FF}.Debug|Any CPU.ActiveCfg = Debug|Any CPU
		{69077C3F-8E0D-44CC-9883-8D40ACBFC3FF}.Debug|Any CPU.Build.0 = Debug|Any CPU
		{69077C3F-8E0D-44CC-9883-8D40ACBFC3FF}.Release|Any CPU.ActiveCfg = Release|Any CPU
		{69077C3F-8E0D-44CC-9883-8D40ACBFC3FF}.Release|Any CPU.Build.0 = Release|Any CPU
		{8254E53D-E957-499C-B067-81FDCBB713A2}.Debug|Any CPU.ActiveCfg = Debug|Any CPU
		{8254E53D-E957-499C-B067-81FDCBB713A2}.Debug|Any CPU.Build.0 = Debug|Any CPU
		{8254E53D-E957-499C-B067-81FDCBB713A2}.Release|Any CPU.ActiveCfg = Release|Any CPU
		{8254E53D-E957-499C-B067-81FDCBB713A2}.Release|Any CPU.Build.0 = Release|Any CPU
		{CD92C8DF-A4A5-47C8-A5AC-57B2DF245432}.Debug|Any CPU.ActiveCfg = Debug|Any CPU
		{CD92C8DF-A4A5-47C8-A5AC-57B2DF245432}.Debug|Any CPU.Build.0 = Debug|Any CPU
		{CD92C8DF-A4A5-47C8-A5AC-57B2DF245432}.Release|Any CPU.ActiveCfg = Release|Any CPU
		{CD92C8DF-A4A5-47C8-A5AC-57B2DF245432}.Release|Any CPU.Build.0 = Release|Any CPU
		{F74ED359-9EF5-47A7-94DD-3C5BA7097981}.Debug|Any CPU.ActiveCfg = Debug|Any CPU
		{F74ED359-9EF5-47A7-94DD-3C5BA7097981}.Debug|Any CPU.Build.0 = Debug|Any CPU
		{F74ED359-9EF5-47A7-94DD-3C5BA7097981}.Release|Any CPU.ActiveCfg = Release|Any CPU
		{F74ED359-9EF5-47A7-94DD-3C5BA7097981}.Release|Any CPU.Build.0 = Release|Any CPU
	EndGlobalSection
	GlobalSection(SolutionProperties) = preSolution
		HideSolutionNode = FALSE
	EndGlobalSection
	GlobalSection(NestedProjects) = preSolution
		{66314569-4ACC-4F31-AA71-C0EC5204D14C} = {53CA6C55-2467-44FA-B853-3373520BB4B8}
		{413DBA59-73F5-4584-888A-0EDB7DFBA92F} = {36E7A721-A843-4EC1-A7AA-231EDE48896B}
		{9098B6A4-A426-46D1-AF65-B68C096F0F83} = {2901251A-A9F2-46CB-88FE-A8AA77C45AC3}
		{FD3ED19D-C8EA-41B5-B1A3-584F9DC3A64F} = {955D003C-EB4A-488C-818B-AC334722E02B}
		{8A6C21E5-0CFA-48A5-BAD3-CA5F44EC67AC} = {FC98B9B7-7401-48EA-9921-EC97D763E62D}
		{D8D5C151-F717-48D8-8328-A33B57FEADE1} = {08526875-332B-4726-A240-7B2D0E3DD249}
		{D9327C22-767D-4B28-872D-E56BD373C900} = {53CA6C55-2467-44FA-B853-3373520BB4B8}
		{8DB5D626-3A11-4694-A586-D5FBF02A43E3} = {66314569-4ACC-4F31-AA71-C0EC5204D14C}
		{262CC22F-34B9-46F4-83A0-FB5CC612B893} = {65B609F7-EF99-4D7C-80D3-51E9EB970369}
		{BE36F0EF-DAF7-440B-91B2-9CAC7B7284AD} = {88E1F2F3-D497-4AA5-A356-C6111E89DC7F}
		{405FED03-40CE-499D-BB13-69F882C12860} = {36E7A721-A843-4EC1-A7AA-231EDE48896B}
		{C862FBD1-EC86-45CB-B4D8-84F70C86EA85} = {2901251A-A9F2-46CB-88FE-A8AA77C45AC3}
		{C69B0FE9-35BA-4795-9477-2E5F473FF4C9} = {955D003C-EB4A-488C-818B-AC334722E02B}
		{7EF56709-0842-4564-8315-21054B4F92A7} = {FC98B9B7-7401-48EA-9921-EC97D763E62D}
		{C91D7420-248D-4EFC-A0E4-EF2CF563A1CF} = {08526875-332B-4726-A240-7B2D0E3DD249}
		{A736D49B-7243-4538-9E69-80A21E797530} = {53CA6C55-2467-44FA-B853-3373520BB4B8}
		{7DB57647-AC42-4236-9E4E-7CA8E0185895} = {66314569-4ACC-4F31-AA71-C0EC5204D14C}
		{DD84DC53-3FCE-4B65-9519-85949996B997} = {6BB595A3-8CC1-475B-8FA9-DC682D978789}
		{89FB218F-830F-43B1-B569-21849B078E55} = {6BB595A3-8CC1-475B-8FA9-DC682D978789}
		{8F4376F5-33A2-46D2-8248-6AAEB968BFE0} = {6BB595A3-8CC1-475B-8FA9-DC682D978789}
		{69077C3F-8E0D-44CC-9883-8D40ACBFC3FF} = {6BB595A3-8CC1-475B-8FA9-DC682D978789}
		{8254E53D-E957-499C-B067-81FDCBB713A2} = {1BCFA84D-B36A-4914-8260-9EA9DEDCAC79}
		{CD92C8DF-A4A5-47C8-A5AC-57B2DF245432} = {1BCFA84D-B36A-4914-8260-9EA9DEDCAC79}
		{F74ED359-9EF5-47A7-94DD-3C5BA7097981} = {1BCFA84D-B36A-4914-8260-9EA9DEDCAC79}
	EndGlobalSection
	GlobalSection(ExtensibilityGlobals) = postSolution
		SolutionGuid = {36D3D270-864A-4623-B1FC-EDEC74DD1FD6}
	EndGlobalSection
EndGlobal
